// !$*UTF8*$!
{
	archiveVersion = 1;
	classes = {
	};
	objectVersion = 51;
	objects = {

/* Begin PBXBuildFile section */
		041901AE272C0B02001DC3B9 /* AppDelegate.swift in Sources */ = {isa = PBXBuildFile; fileRef = 041901AD272C0B02001DC3B9 /* AppDelegate.swift */; };
		041901B0272C0B02001DC3B9 /* SceneDelegate.swift in Sources */ = {isa = PBXBuildFile; fileRef = 041901AF272C0B02001DC3B9 /* SceneDelegate.swift */; };
		041901B2272C0B02001DC3B9 /* ViewController.swift in Sources */ = {isa = PBXBuildFile; fileRef = 041901B1272C0B02001DC3B9 /* ViewController.swift */; };
		041901B5272C0B02001DC3B9 /* Main.storyboard in Resources */ = {isa = PBXBuildFile; fileRef = 041901B3272C0B02001DC3B9 /* Main.storyboard */; };
		041901B7272C0B03001DC3B9 /* Assets.xcassets in Resources */ = {isa = PBXBuildFile; fileRef = 041901B6272C0B03001DC3B9 /* Assets.xcassets */; };
		041901BA272C0B03001DC3B9 /* LaunchScreen.storyboard in Resources */ = {isa = PBXBuildFile; fileRef = 041901B8272C0B03001DC3B9 /* LaunchScreen.storyboard */; };
		DBE20E04214C9A7F82DF1DC6 /* Pods_PSkbsPicSpace.framework in Frameworks */ = {isa = PBXBuildFile; fileRef = 5FC45B97C73FB70C9072F6DE /* Pods_PSkbsPicSpace.framework */; };
		EB1F2B0F2758AE3400A33CE4 /* PSkMagicCamManager.swift in Sources */ = {isa = PBXBuildFile; fileRef = EB1F2B0E2758AE3400A33CE4 /* PSkMagicCamManager.swift */; };
		EB1F2B122758C50300A33CE4 /* PSkMagicCamFilterBar.swift in Sources */ = {isa = PBXBuildFile; fileRef = EB1F2B112758C50300A33CE4 /* PSkMagicCamFilterBar.swift */; };
		EB40F694274CCC420087C4CD /* PSkProfileSavePopupView.swift in Sources */ = {isa = PBXBuildFile; fileRef = EB40F693274CCC420087C4CD /* PSkProfileSavePopupView.swift */; };
		EB6DA2AE273CB32400D121B2 /* PSkProfileFrameToolView.swift in Sources */ = {isa = PBXBuildFile; fileRef = EB6DA2AD273CB32400D121B2 /* PSkProfileFrameToolView.swift */; };
		EB6DA2B0273CB33000D121B2 /* PSkProfileBgToolView.swift in Sources */ = {isa = PBXBuildFile; fileRef = EB6DA2AF273CB33000D121B2 /* PSkProfileBgToolView.swift */; };
		EB6DA2B2273CB34F00D121B2 /* PSkProfilePhotoToolView.swift in Sources */ = {isa = PBXBuildFile; fileRef = EB6DA2B1273CB34F00D121B2 /* PSkProfilePhotoToolView.swift */; };
		EB8B38B6272C0EE50001C20B /* PSMainVC.swift in Sources */ = {isa = PBXBuildFile; fileRef = EB8B38B5272C0EE50001C20B /* PSMainVC.swift */; };
		EB8EE77F2733AF3C0021549B /* PSkPhotoSlideSavePopupView.swift in Sources */ = {isa = PBXBuildFile; fileRef = EB8EE77E2733AF3C0021549B /* PSkPhotoSlideSavePopupView.swift */; };
		EB8EE7822733F67A0021549B /* PSkProfileMakerVC.swift in Sources */ = {isa = PBXBuildFile; fileRef = EB8EE7812733F67A0021549B /* PSkProfileMakerVC.swift */; };
		EB8EE7852733F6B80021549B /* PSkMagicCamVC.swift in Sources */ = {isa = PBXBuildFile; fileRef = EB8EE7842733F6B80021549B /* PSkMagicCamVC.swift */; };
		EB8EE7882733F6E50021549B /* PSkCustomPhoto.swift in Sources */ = {isa = PBXBuildFile; fileRef = EB8EE7872733F6E50021549B /* PSkCustomPhoto.swift */; };
		EB8EE7CE2735100B0021549B /* Array+Extensions.swift in Sources */ = {isa = PBXBuildFile; fileRef = EB8EE7BF2735100B0021549B /* Array+Extensions.swift */; };
		EB8EE7CF2735100B0021549B /* Math.swift in Sources */ = {isa = PBXBuildFile; fileRef = EB8EE7C02735100B0021549B /* Math.swift */; };
		EB8EE7D02735100B0021549B /* UIImage+CVPixelBuffer.swift in Sources */ = {isa = PBXBuildFile; fileRef = EB8EE7C12735100B0021549B /* UIImage+CVPixelBuffer.swift */; };
		EB8EE7D12735100B0021549B /* Predictions.swift in Sources */ = {isa = PBXBuildFile; fileRef = EB8EE7C22735100B0021549B /* Predictions.swift */; };
		EB8EE7D22735100B0021549B /* UIImage+Extensions.swift in Sources */ = {isa = PBXBuildFile; fileRef = EB8EE7C32735100B0021549B /* UIImage+Extensions.swift */; };
		EB8EE7D32735100B0021549B /* CGImagePropertyOrientation.swift in Sources */ = {isa = PBXBuildFile; fileRef = EB8EE7C42735100B0021549B /* CGImagePropertyOrientation.swift */; };
		EB8EE7D42735100B0021549B /* UIImage+RawBytes.swift in Sources */ = {isa = PBXBuildFile; fileRef = EB8EE7C52735100B0021549B /* UIImage+RawBytes.swift */; };
		EB8EE7D52735100B0021549B /* MLMultiArray+Helpers.swift in Sources */ = {isa = PBXBuildFile; fileRef = EB8EE7C62735100B0021549B /* MLMultiArray+Helpers.swift */; };
		EB8EE7D62735100B0021549B /* CVPixelBuffer+Helpers.swift in Sources */ = {isa = PBXBuildFile; fileRef = EB8EE7C72735100B0021549B /* CVPixelBuffer+Helpers.swift */; };
		EB8EE7D72735100B0021549B /* MLModel+Images.swift in Sources */ = {isa = PBXBuildFile; fileRef = EB8EE7C82735100B0021549B /* MLModel+Images.swift */; };
		EB8EE7D82735100B0021549B /* CoreML+Combine.swift in Sources */ = {isa = PBXBuildFile; fileRef = EB8EE7C92735100B0021549B /* CoreML+Combine.swift */; };
		EB8EE7D92735100B0021549B /* CGImage+CVPixelBuffer.swift in Sources */ = {isa = PBXBuildFile; fileRef = EB8EE7CA2735100B0021549B /* CGImage+CVPixelBuffer.swift */; };
		EB8EE7DA2735100B0021549B /* NonMaxSuppression.swift in Sources */ = {isa = PBXBuildFile; fileRef = EB8EE7CB2735100B0021549B /* NonMaxSuppression.swift */; };
		EB8EE7DB2735100B0021549B /* CGImage+RawBytes.swift in Sources */ = {isa = PBXBuildFile; fileRef = EB8EE7CC2735100B0021549B /* CGImage+RawBytes.swift */; };
		EB8EE7DC2735100B0021549B /* MLMultiArray+Image.swift in Sources */ = {isa = PBXBuildFile; fileRef = EB8EE7CD2735100B0021549B /* MLMultiArray+Image.swift */; };
		EB8EE7DE273510190021549B /* profile3.jpg in Resources */ = {isa = PBXBuildFile; fileRef = EB8EE7DD273510190021549B /* profile3.jpg */; };
		EB8EE7E1273510500021549B /* DeepLabV3.mlmodel in Sources */ = {isa = PBXBuildFile; fileRef = EB8EE7E0273510500021549B /* DeepLabV3.mlmodel */; };
		EB8EE7E3273510EB0021549B /* UIImage+Segmentation.swift in Sources */ = {isa = PBXBuildFile; fileRef = EB8EE7E2273510EB0021549B /* UIImage+Segmentation.swift */; };
		EB8EE7E5273510FB0021549B /* GraySegmentFilter.swift in Sources */ = {isa = PBXBuildFile; fileRef = EB8EE7E4273510FB0021549B /* GraySegmentFilter.swift */; };
		EB8EE807273516FD0021549B /* FaceParsing.mlmodel in Sources */ = {isa = PBXBuildFile; fileRef = EB8EE806273516FD0021549B /* FaceParsing.mlmodel */; };
		EB94530B27326ED20000F01A /* PSkPhotoSlideVC.swift in Sources */ = {isa = PBXBuildFile; fileRef = EB94530A27326ED20000F01A /* PSkPhotoSlideVC.swift */; };
		EB94530D27326EFE0000F01A /* PSkPhotoSlideView.swift in Sources */ = {isa = PBXBuildFile; fileRef = EB94530C27326EFE0000F01A /* PSkPhotoSlideView.swift */; };
		EB945310273271070000F01A /* PSkToolExtension.swift in Sources */ = {isa = PBXBuildFile; fileRef = EB94530F273271070000F01A /* PSkToolExtension.swift */; };
		EB945312273271900000F01A /* PSkDataManager.swift in Sources */ = {isa = PBXBuildFile; fileRef = EB945311273271900000F01A /* PSkDataManager.swift */; };
		EB9453142732932A0000F01A /* PSkSlideSaveView.swift in Sources */ = {isa = PBXBuildFile; fileRef = EB9453132732932A0000F01A /* PSkSlideSaveView.swift */; };
		EBDC0E042745E881003010C2 /* PSkTouchMoveCanvasView.swift in Sources */ = {isa = PBXBuildFile; fileRef = EBDC0E032745E881003010C2 /* PSkTouchMoveCanvasView.swift */; };
		EBEC9C012745069B004C87AB /* PSkProfileManager.swift in Sources */ = {isa = PBXBuildFile; fileRef = EBEC9C002745069B004C87AB /* PSkProfileManager.swift */; };
/* End PBXBuildFile section */

/* Begin PBXFileReference section */
		041901AA272C0B02001DC3B9 /* PSkbsPicSpace.app */ = {isa = PBXFileReference; explicitFileType = wrapper.application; includeInIndex = 0; path = PSkbsPicSpace.app; sourceTree = BUILT_PRODUCTS_DIR; };
		041901AD272C0B02001DC3B9 /* AppDelegate.swift */ = {isa = PBXFileReference; lastKnownFileType = sourcecode.swift; path = AppDelegate.swift; sourceTree = "<group>"; };
		041901AF272C0B02001DC3B9 /* SceneDelegate.swift */ = {isa = PBXFileReference; lastKnownFileType = sourcecode.swift; path = SceneDelegate.swift; sourceTree = "<group>"; };
		041901B1272C0B02001DC3B9 /* ViewController.swift */ = {isa = PBXFileReference; lastKnownFileType = sourcecode.swift; path = ViewController.swift; sourceTree = "<group>"; };
		041901B4272C0B02001DC3B9 /* Base */ = {isa = PBXFileReference; lastKnownFileType = file.storyboard; name = Base; path = Base.lproj/Main.storyboard; sourceTree = "<group>"; };
		041901B6272C0B03001DC3B9 /* Assets.xcassets */ = {isa = PBXFileReference; lastKnownFileType = folder.assetcatalog; path = Assets.xcassets; sourceTree = "<group>"; };
		041901B9272C0B03001DC3B9 /* Base */ = {isa = PBXFileReference; lastKnownFileType = file.storyboard; name = Base; path = Base.lproj/LaunchScreen.storyboard; sourceTree = "<group>"; };
		041901BB272C0B03001DC3B9 /* Info.plist */ = {isa = PBXFileReference; lastKnownFileType = text.plist.xml; path = Info.plist; sourceTree = "<group>"; };
		1A0BA9E30F5CEDCF1B74EB53 /* Pods-PSkbsPicSpace.debug.xcconfig */ = {isa = PBXFileReference; includeInIndex = 1; lastKnownFileType = text.xcconfig; name = "Pods-PSkbsPicSpace.debug.xcconfig"; path = "Target Support Files/Pods-PSkbsPicSpace/Pods-PSkbsPicSpace.debug.xcconfig"; sourceTree = "<group>"; };
		5FC45B97C73FB70C9072F6DE /* Pods_PSkbsPicSpace.framework */ = {isa = PBXFileReference; explicitFileType = wrapper.framework; includeInIndex = 0; path = Pods_PSkbsPicSpace.framework; sourceTree = BUILT_PRODUCTS_DIR; };
		EB1F2B0E2758AE3400A33CE4 /* PSkMagicCamManager.swift */ = {isa = PBXFileReference; lastKnownFileType = sourcecode.swift; path = PSkMagicCamManager.swift; sourceTree = "<group>"; };
		EB1F2B112758C50300A33CE4 /* PSkMagicCamFilterBar.swift */ = {isa = PBXFileReference; lastKnownFileType = sourcecode.swift; path = PSkMagicCamFilterBar.swift; sourceTree = "<group>"; };
		EB40F693274CCC420087C4CD /* PSkProfileSavePopupView.swift */ = {isa = PBXFileReference; lastKnownFileType = sourcecode.swift; path = PSkProfileSavePopupView.swift; sourceTree = "<group>"; };
		EB6DA2AD273CB32400D121B2 /* PSkProfileFrameToolView.swift */ = {isa = PBXFileReference; lastKnownFileType = sourcecode.swift; path = PSkProfileFrameToolView.swift; sourceTree = "<group>"; };
		EB6DA2AF273CB33000D121B2 /* PSkProfileBgToolView.swift */ = {isa = PBXFileReference; lastKnownFileType = sourcecode.swift; path = PSkProfileBgToolView.swift; sourceTree = "<group>"; };
		EB6DA2B1273CB34F00D121B2 /* PSkProfilePhotoToolView.swift */ = {isa = PBXFileReference; lastKnownFileType = sourcecode.swift; path = PSkProfilePhotoToolView.swift; sourceTree = "<group>"; };
		EB8B38B5272C0EE50001C20B /* PSMainVC.swift */ = {isa = PBXFileReference; lastKnownFileType = sourcecode.swift; path = PSMainVC.swift; sourceTree = "<group>"; };
		EB8EE77E2733AF3C0021549B /* PSkPhotoSlideSavePopupView.swift */ = {isa = PBXFileReference; lastKnownFileType = sourcecode.swift; path = PSkPhotoSlideSavePopupView.swift; sourceTree = "<group>"; };
		EB8EE7812733F67A0021549B /* PSkProfileMakerVC.swift */ = {isa = PBXFileReference; lastKnownFileType = sourcecode.swift; path = PSkProfileMakerVC.swift; sourceTree = "<group>"; };
		EB8EE7842733F6B80021549B /* PSkMagicCamVC.swift */ = {isa = PBXFileReference; lastKnownFileType = sourcecode.swift; path = PSkMagicCamVC.swift; sourceTree = "<group>"; };
		EB8EE7872733F6E50021549B /* PSkCustomPhoto.swift */ = {isa = PBXFileReference; lastKnownFileType = sourcecode.swift; path = PSkCustomPhoto.swift; sourceTree = "<group>"; };
		EB8EE7BF2735100B0021549B /* Array+Extensions.swift */ = {isa = PBXFileReference; fileEncoding = 4; lastKnownFileType = sourcecode.swift; path = "Array+Extensions.swift"; sourceTree = "<group>"; };
		EB8EE7C02735100B0021549B /* Math.swift */ = {isa = PBXFileReference; fileEncoding = 4; lastKnownFileType = sourcecode.swift; path = Math.swift; sourceTree = "<group>"; };
		EB8EE7C12735100B0021549B /* UIImage+CVPixelBuffer.swift */ = {isa = PBXFileReference; fileEncoding = 4; lastKnownFileType = sourcecode.swift; path = "UIImage+CVPixelBuffer.swift"; sourceTree = "<group>"; };
		EB8EE7C22735100B0021549B /* Predictions.swift */ = {isa = PBXFileReference; fileEncoding = 4; lastKnownFileType = sourcecode.swift; path = Predictions.swift; sourceTree = "<group>"; };
		EB8EE7C32735100B0021549B /* UIImage+Extensions.swift */ = {isa = PBXFileReference; fileEncoding = 4; lastKnownFileType = sourcecode.swift; path = "UIImage+Extensions.swift"; sourceTree = "<group>"; };
		EB8EE7C42735100B0021549B /* CGImagePropertyOrientation.swift */ = {isa = PBXFileReference; fileEncoding = 4; lastKnownFileType = sourcecode.swift; path = CGImagePropertyOrientation.swift; sourceTree = "<group>"; };
		EB8EE7C52735100B0021549B /* UIImage+RawBytes.swift */ = {isa = PBXFileReference; fileEncoding = 4; lastKnownFileType = sourcecode.swift; path = "UIImage+RawBytes.swift"; sourceTree = "<group>"; };
		EB8EE7C62735100B0021549B /* MLMultiArray+Helpers.swift */ = {isa = PBXFileReference; fileEncoding = 4; lastKnownFileType = sourcecode.swift; path = "MLMultiArray+Helpers.swift"; sourceTree = "<group>"; };
		EB8EE7C72735100B0021549B /* CVPixelBuffer+Helpers.swift */ = {isa = PBXFileReference; fileEncoding = 4; lastKnownFileType = sourcecode.swift; path = "CVPixelBuffer+Helpers.swift"; sourceTree = "<group>"; };
		EB8EE7C82735100B0021549B /* MLModel+Images.swift */ = {isa = PBXFileReference; fileEncoding = 4; lastKnownFileType = sourcecode.swift; path = "MLModel+Images.swift"; sourceTree = "<group>"; };
		EB8EE7C92735100B0021549B /* CoreML+Combine.swift */ = {isa = PBXFileReference; fileEncoding = 4; lastKnownFileType = sourcecode.swift; path = "CoreML+Combine.swift"; sourceTree = "<group>"; };
		EB8EE7CA2735100B0021549B /* CGImage+CVPixelBuffer.swift */ = {isa = PBXFileReference; fileEncoding = 4; lastKnownFileType = sourcecode.swift; path = "CGImage+CVPixelBuffer.swift"; sourceTree = "<group>"; };
		EB8EE7CB2735100B0021549B /* NonMaxSuppression.swift */ = {isa = PBXFileReference; fileEncoding = 4; lastKnownFileType = sourcecode.swift; path = NonMaxSuppression.swift; sourceTree = "<group>"; };
		EB8EE7CC2735100B0021549B /* CGImage+RawBytes.swift */ = {isa = PBXFileReference; fileEncoding = 4; lastKnownFileType = sourcecode.swift; path = "CGImage+RawBytes.swift"; sourceTree = "<group>"; };
		EB8EE7CD2735100B0021549B /* MLMultiArray+Image.swift */ = {isa = PBXFileReference; fileEncoding = 4; lastKnownFileType = sourcecode.swift; path = "MLMultiArray+Image.swift"; sourceTree = "<group>"; };
		EB8EE7DD273510190021549B /* profile3.jpg */ = {isa = PBXFileReference; lastKnownFileType = image.jpeg; path = profile3.jpg; sourceTree = "<group>"; };
		EB8EE7E0273510500021549B /* DeepLabV3.mlmodel */ = {isa = PBXFileReference; lastKnownFileType = file.mlmodel; path = DeepLabV3.mlmodel; sourceTree = "<group>"; };
		EB8EE7E2273510EB0021549B /* UIImage+Segmentation.swift */ = {isa = PBXFileReference; lastKnownFileType = sourcecode.swift; path = "UIImage+Segmentation.swift"; sourceTree = "<group>"; };
		EB8EE7E4273510FB0021549B /* GraySegmentFilter.swift */ = {isa = PBXFileReference; lastKnownFileType = sourcecode.swift; path = GraySegmentFilter.swift; sourceTree = "<group>"; };
		EB8EE806273516FD0021549B /* FaceParsing.mlmodel */ = {isa = PBXFileReference; lastKnownFileType = file.mlmodel; path = FaceParsing.mlmodel; sourceTree = "<group>"; };
		EB94530A27326ED20000F01A /* PSkPhotoSlideVC.swift */ = {isa = PBXFileReference; lastKnownFileType = sourcecode.swift; path = PSkPhotoSlideVC.swift; sourceTree = "<group>"; };
		EB94530C27326EFE0000F01A /* PSkPhotoSlideView.swift */ = {isa = PBXFileReference; lastKnownFileType = sourcecode.swift; path = PSkPhotoSlideView.swift; sourceTree = "<group>"; };
		EB94530F273271070000F01A /* PSkToolExtension.swift */ = {isa = PBXFileReference; lastKnownFileType = sourcecode.swift; path = PSkToolExtension.swift; sourceTree = "<group>"; };
		EB945311273271900000F01A /* PSkDataManager.swift */ = {isa = PBXFileReference; lastKnownFileType = sourcecode.swift; path = PSkDataManager.swift; sourceTree = "<group>"; };
		EB9453132732932A0000F01A /* PSkSlideSaveView.swift */ = {isa = PBXFileReference; lastKnownFileType = sourcecode.swift; path = PSkSlideSaveView.swift; sourceTree = "<group>"; };
		EBDC0E032745E881003010C2 /* PSkTouchMoveCanvasView.swift */ = {isa = PBXFileReference; lastKnownFileType = sourcecode.swift; path = PSkTouchMoveCanvasView.swift; sourceTree = "<group>"; };
		EBEC9C002745069B004C87AB /* PSkProfileManager.swift */ = {isa = PBXFileReference; lastKnownFileType = sourcecode.swift; path = PSkProfileManager.swift; sourceTree = "<group>"; };
		F77BB9F8ECC3CDCF84595DB1 /* Pods-PSkbsPicSpace.release.xcconfig */ = {isa = PBXFileReference; includeInIndex = 1; lastKnownFileType = text.xcconfig; name = "Pods-PSkbsPicSpace.release.xcconfig"; path = "Target Support Files/Pods-PSkbsPicSpace/Pods-PSkbsPicSpace.release.xcconfig"; sourceTree = "<group>"; };
/* End PBXFileReference section */

/* Begin PBXFrameworksBuildPhase section */
		041901A7272C0B02001DC3B9 /* Frameworks */ = {
			isa = PBXFrameworksBuildPhase;
			buildActionMask = 2147483647;
			files = (
				DBE20E04214C9A7F82DF1DC6 /* Pods_PSkbsPicSpace.framework in Frameworks */,
			);
			runOnlyForDeploymentPostprocessing = 0;
		};
/* End PBXFrameworksBuildPhase section */

/* Begin PBXGroup section */
		041901A1272C0B02001DC3B9 = {
			isa = PBXGroup;
			children = (
				041901AC272C0B02001DC3B9 /* PSkbsPicSpace */,
				041901AB272C0B02001DC3B9 /* Products */,
				E3226525E0DCD38892CCDC95 /* Pods */,
				5A2FFA1FE1B93AF26E473ACC /* Frameworks */,
			);
			sourceTree = "<group>";
		};
		041901AB272C0B02001DC3B9 /* Products */ = {
			isa = PBXGroup;
			children = (
				041901AA272C0B02001DC3B9 /* PSkbsPicSpace.app */,
			);
			name = Products;
			sourceTree = "<group>";
		};
		041901AC272C0B02001DC3B9 /* PSkbsPicSpace */ = {
			isa = PBXGroup;
			children = (
				EB8EE7BD27350FF40021549B /* 3Part */,
				EB94530E273270F70000F01A /* ToolExtension */,
				EB8EE7862733F6CF0021549B /* CustomPhoto */,
				EB8EE7832733F6830021549B /* MagicCam */,
				EB8EE7802733F6610021549B /* ProfileMake */,
				EB94530927326EB40000F01A /* PhotoSlide */,
				EB8B38B4272C0ED00001C20B /* MainVC */,
				EB8EE7DF2735102A0021549B /* ResourcePack */,
				EB8B38B3272C0EC40001C20B /* Root */,
			);
			path = PSkbsPicSpace;
			sourceTree = "<group>";
		};
		5A2FFA1FE1B93AF26E473ACC /* Frameworks */ = {
			isa = PBXGroup;
			children = (
				5FC45B97C73FB70C9072F6DE /* Pods_PSkbsPicSpace.framework */,
			);
			name = Frameworks;
			sourceTree = "<group>";
		};
		E3226525E0DCD38892CCDC95 /* Pods */ = {
			isa = PBXGroup;
			children = (
				1A0BA9E30F5CEDCF1B74EB53 /* Pods-PSkbsPicSpace.debug.xcconfig */,
				F77BB9F8ECC3CDCF84595DB1 /* Pods-PSkbsPicSpace.release.xcconfig */,
			);
			path = Pods;
			sourceTree = "<group>";
		};
		EB1F2B102758C49E00A33CE4 /* MagicCamView */ = {
			isa = PBXGroup;
			children = (
				EB1F2B112758C50300A33CE4 /* PSkMagicCamFilterBar.swift */,
			);
			path = MagicCamView;
			sourceTree = "<group>";
		};
		EB6DA2AB273CB2B100D121B2 /* ProfiView */ = {
			isa = PBXGroup;
			children = (
				EB6DA2AD273CB32400D121B2 /* PSkProfileFrameToolView.swift */,
				EB6DA2AF273CB33000D121B2 /* PSkProfileBgToolView.swift */,
				EB6DA2B1273CB34F00D121B2 /* PSkProfilePhotoToolView.swift */,
				EBDC0E032745E881003010C2 /* PSkTouchMoveCanvasView.swift */,
				EB40F693274CCC420087C4CD /* PSkProfileSavePopupView.swift */,
			);
			path = ProfiView;
			sourceTree = "<group>";
		};
		EB6DA2AC273CB2C400D121B2 /* PhoSlidView */ = {
			isa = PBXGroup;
			children = (
				EB94530C27326EFE0000F01A /* PSkPhotoSlideView.swift */,
				EB9453132732932A0000F01A /* PSkSlideSaveView.swift */,
				EB8EE77E2733AF3C0021549B /* PSkPhotoSlideSavePopupView.swift */,
			);
			path = PhoSlidView;
			sourceTree = "<group>";
		};
		EB8B38B3272C0EC40001C20B /* Root */ = {
			isa = PBXGroup;
			children = (
				041901AD272C0B02001DC3B9 /* AppDelegate.swift */,
				041901AF272C0B02001DC3B9 /* SceneDelegate.swift */,
				041901B1272C0B02001DC3B9 /* ViewController.swift */,
				041901B3272C0B02001DC3B9 /* Main.storyboard */,
				041901B6272C0B03001DC3B9 /* Assets.xcassets */,
				041901B8272C0B03001DC3B9 /* LaunchScreen.storyboard */,
				EB8EE7DD273510190021549B /* profile3.jpg */,
				041901BB272C0B03001DC3B9 /* Info.plist */,
			);
			name = Root;
			sourceTree = "<group>";
		};
		EB8B38B4272C0ED00001C20B /* MainVC */ = {
			isa = PBXGroup;
			children = (
				EB8B38B5272C0EE50001C20B /* PSMainVC.swift */,
			);
			path = MainVC;
			sourceTree = "<group>";
		};
		EB8EE7802733F6610021549B /* ProfileMake */ = {
			isa = PBXGroup;
			children = (
				EB8EE7812733F67A0021549B /* PSkProfileMakerVC.swift */,
				EBEC9C02274506FD004C87AB /* ProfileManager */,
				EB6DA2AB273CB2B100D121B2 /* ProfiView */,
			);
			path = ProfileMake;
			sourceTree = "<group>";
		};
		EB8EE7832733F6830021549B /* MagicCam */ = {
			isa = PBXGroup;
			children = (
				EB8EE7842733F6B80021549B /* PSkMagicCamVC.swift */,
				EB1F2B0E2758AE3400A33CE4 /* PSkMagicCamManager.swift */,
				EB1F2B102758C49E00A33CE4 /* MagicCamView */,
			);
			path = MagicCam;
			sourceTree = "<group>";
		};
		EB8EE7862733F6CF0021549B /* CustomPhoto */ = {
			isa = PBXGroup;
			children = (
				EB8EE7872733F6E50021549B /* PSkCustomPhoto.swift */,
			);
			path = CustomPhoto;
			sourceTree = "<group>";
		};
		EB8EE7BD27350FF40021549B /* 3Part */ = {
			isa = PBXGroup;
			children = (
				EB8EE7BE2735100B0021549B /* CoreMLHelpers */,
			);
			path = 3Part;
			sourceTree = "<group>";
		};
		EB8EE7BE2735100B0021549B /* CoreMLHelpers */ = {
			isa = PBXGroup;
			children = (
				EB8EE7BF2735100B0021549B /* Array+Extensions.swift */,
				EB8EE7C02735100B0021549B /* Math.swift */,
				EB8EE7C12735100B0021549B /* UIImage+CVPixelBuffer.swift */,
				EB8EE7C22735100B0021549B /* Predictions.swift */,
				EB8EE7C32735100B0021549B /* UIImage+Extensions.swift */,
				EB8EE7C42735100B0021549B /* CGImagePropertyOrientation.swift */,
				EB8EE7C52735100B0021549B /* UIImage+RawBytes.swift */,
				EB8EE7C62735100B0021549B /* MLMultiArray+Helpers.swift */,
				EB8EE7C72735100B0021549B /* CVPixelBuffer+Helpers.swift */,
				EB8EE7C82735100B0021549B /* MLModel+Images.swift */,
				EB8EE7C92735100B0021549B /* CoreML+Combine.swift */,
				EB8EE7CA2735100B0021549B /* CGImage+CVPixelBuffer.swift */,
				EB8EE7CB2735100B0021549B /* NonMaxSuppression.swift */,
				EB8EE7CC2735100B0021549B /* CGImage+RawBytes.swift */,
				EB8EE7CD2735100B0021549B /* MLMultiArray+Image.swift */,
			);
			path = CoreMLHelpers;
			sourceTree = "<group>";
		};
		EB8EE7DF2735102A0021549B /* ResourcePack */ = {
			isa = PBXGroup;
			children = (
				EB8EE7E0273510500021549B /* DeepLabV3.mlmodel */,
				EB8EE806273516FD0021549B /* FaceParsing.mlmodel */,
			);
			name = ResourcePack;
			sourceTree = "<group>";
		};
		EB94530927326EB40000F01A /* PhotoSlide */ = {
			isa = PBXGroup;
			children = (
				EB94530A27326ED20000F01A /* PSkPhotoSlideVC.swift */,
				EB6DA2AC273CB2C400D121B2 /* PhoSlidView */,
			);
			path = PhotoSlide;
			sourceTree = "<group>";
		};
		EB94530E273270F70000F01A /* ToolExtension */ = {
			isa = PBXGroup;
			children = (
				EB94530F273271070000F01A /* PSkToolExtension.swift */,
				EB945311273271900000F01A /* PSkDataManager.swift */,
			);
			path = ToolExtension;
			sourceTree = "<group>";
		};
		EBEC9C02274506FD004C87AB /* ProfileManager */ = {
			isa = PBXGroup;
			children = (
				EBEC9C002745069B004C87AB /* PSkProfileManager.swift */,
				EB8EE7E2273510EB0021549B /* UIImage+Segmentation.swift */,
				EB8EE7E4273510FB0021549B /* GraySegmentFilter.swift */,
			);
			path = ProfileManager;
			sourceTree = "<group>";
		};
/* End PBXGroup section */

/* Begin PBXNativeTarget section */
		041901A9272C0B02001DC3B9 /* PSkbsPicSpace */ = {
			isa = PBXNativeTarget;
			buildConfigurationList = 041901D4272C0B03001DC3B9 /* Build configuration list for PBXNativeTarget "PSkbsPicSpace" */;
			buildPhases = (
				7B657B21043902BCBBC06EB5 /* [CP] Check Pods Manifest.lock */,
				041901A6272C0B02001DC3B9 /* Sources */,
				041901A7272C0B02001DC3B9 /* Frameworks */,
				041901A8272C0B02001DC3B9 /* Resources */,
				2F850935A58CFF836AC459EE /* [CP] Embed Pods Frameworks */,
			);
			buildRules = (
			);
			dependencies = (
			);
			name = PSkbsPicSpace;
			productName = PSkbsPicSpace;
			productReference = 041901AA272C0B02001DC3B9 /* PSkbsPicSpace.app */;
			productType = "com.apple.product-type.application";
		};
/* End PBXNativeTarget section */

/* Begin PBXProject section */
		041901A2272C0B02001DC3B9 /* Project object */ = {
			isa = PBXProject;
			attributes = {
				LastSwiftUpdateCheck = 1250;
				LastUpgradeCheck = 1250;
				TargetAttributes = {
					041901A9272C0B02001DC3B9 = {
						CreatedOnToolsVersion = 12.5.1;
					};
				};
			};
			buildConfigurationList = 041901A5272C0B02001DC3B9 /* Build configuration list for PBXProject "PSkbsPicSpace" */;
			compatibilityVersion = "Xcode 9.3";
			developmentRegion = en;
			hasScannedForEncodings = 0;
			knownRegions = (
				en,
				Base,
			);
			mainGroup = 041901A1272C0B02001DC3B9;
			productRefGroup = 041901AB272C0B02001DC3B9 /* Products */;
			projectDirPath = "";
			projectRoot = "";
			targets = (
				041901A9272C0B02001DC3B9 /* PSkbsPicSpace */,
			);
		};
/* End PBXProject section */

/* Begin PBXResourcesBuildPhase section */
		041901A8272C0B02001DC3B9 /* Resources */ = {
			isa = PBXResourcesBuildPhase;
			buildActionMask = 2147483647;
			files = (
				041901BA272C0B03001DC3B9 /* LaunchScreen.storyboard in Resources */,
				041901B7272C0B03001DC3B9 /* Assets.xcassets in Resources */,
				041901B5272C0B02001DC3B9 /* Main.storyboard in Resources */,
				EB8EE7DE273510190021549B /* profile3.jpg in Resources */,
			);
			runOnlyForDeploymentPostprocessing = 0;
		};
/* End PBXResourcesBuildPhase section */

/* Begin PBXShellScriptBuildPhase section */
		2F850935A58CFF836AC459EE /* [CP] Embed Pods Frameworks */ = {
			isa = PBXShellScriptBuildPhase;
			buildActionMask = 2147483647;
			files = (
			);
			inputFileListPaths = (
				"${PODS_ROOT}/Target Support Files/Pods-PSkbsPicSpace/Pods-PSkbsPicSpace-frameworks-${CONFIGURATION}-input-files.xcfilelist",
			);
			name = "[CP] Embed Pods Frameworks";
			outputFileListPaths = (
				"${PODS_ROOT}/Target Support Files/Pods-PSkbsPicSpace/Pods-PSkbsPicSpace-frameworks-${CONFIGURATION}-output-files.xcfilelist",
			);
			runOnlyForDeploymentPostprocessing = 0;
			shellPath = /bin/sh;
			shellScript = "\"${PODS_ROOT}/Target Support Files/Pods-PSkbsPicSpace/Pods-PSkbsPicSpace-frameworks.sh\"\n";
			showEnvVarsInLog = 0;
		};
		7B657B21043902BCBBC06EB5 /* [CP] Check Pods Manifest.lock */ = {
			isa = PBXShellScriptBuildPhase;
			buildActionMask = 2147483647;
			files = (
			);
			inputFileListPaths = (
			);
			inputPaths = (
				"${PODS_PODFILE_DIR_PATH}/Podfile.lock",
				"${PODS_ROOT}/Manifest.lock",
			);
			name = "[CP] Check Pods Manifest.lock";
			outputFileListPaths = (
			);
			outputPaths = (
				"$(DERIVED_FILE_DIR)/Pods-PSkbsPicSpace-checkManifestLockResult.txt",
			);
			runOnlyForDeploymentPostprocessing = 0;
			shellPath = /bin/sh;
			shellScript = "diff \"${PODS_PODFILE_DIR_PATH}/Podfile.lock\" \"${PODS_ROOT}/Manifest.lock\" > /dev/null\nif [ $? != 0 ] ; then\n    # print error to STDERR\n    echo \"error: The sandbox is not in sync with the Podfile.lock. Run 'pod install' or update your CocoaPods installation.\" >&2\n    exit 1\nfi\n# This output is used by Xcode 'outputs' to avoid re-running this script phase.\necho \"SUCCESS\" > \"${SCRIPT_OUTPUT_FILE_0}\"\n";
			showEnvVarsInLog = 0;
		};
/* End PBXShellScriptBuildPhase section */

/* Begin PBXSourcesBuildPhase section */
		041901A6272C0B02001DC3B9 /* Sources */ = {
			isa = PBXSourcesBuildPhase;
			buildActionMask = 2147483647;
			files = (
				EB945310273271070000F01A /* PSkToolExtension.swift in Sources */,
				EB8EE7D82735100B0021549B /* CoreML+Combine.swift in Sources */,
				EB8EE7D32735100B0021549B /* CGImagePropertyOrientation.swift in Sources */,
				EB8EE7E3273510EB0021549B /* UIImage+Segmentation.swift in Sources */,
				EB8EE7D42735100B0021549B /* UIImage+RawBytes.swift in Sources */,
				EB8EE7E5273510FB0021549B /* GraySegmentFilter.swift in Sources */,
				041901B2272C0B02001DC3B9 /* ViewController.swift in Sources */,
				EB945312273271900000F01A /* PSkDataManager.swift in Sources */,
				EB8EE7DA2735100B0021549B /* NonMaxSuppression.swift in Sources */,
				EB8EE7D12735100B0021549B /* Predictions.swift in Sources */,
				EB8EE7CE2735100B0021549B /* Array+Extensions.swift in Sources */,
				EB8EE7D62735100B0021549B /* CVPixelBuffer+Helpers.swift in Sources */,
				EBEC9C012745069B004C87AB /* PSkProfileManager.swift in Sources */,
				EB8EE7D52735100B0021549B /* MLMultiArray+Helpers.swift in Sources */,
				EB8EE7D92735100B0021549B /* CGImage+CVPixelBuffer.swift in Sources */,
				EB8EE807273516FD0021549B /* FaceParsing.mlmodel in Sources */,
				EB1F2B122758C50300A33CE4 /* PSkMagicCamFilterBar.swift in Sources */,
				EB8EE7852733F6B80021549B /* PSkMagicCamVC.swift in Sources */,
				EB40F694274CCC420087C4CD /* PSkProfileSavePopupView.swift in Sources */,
				EB8EE7822733F67A0021549B /* PSkProfileMakerVC.swift in Sources */,
				EB94530B27326ED20000F01A /* PSkPhotoSlideVC.swift in Sources */,
				EB8EE7D72735100B0021549B /* MLModel+Images.swift in Sources */,
				EB8EE7D02735100B0021549B /* UIImage+CVPixelBuffer.swift in Sources */,
				EB1F2B0F2758AE3400A33CE4 /* PSkMagicCamManager.swift in Sources */,
				EBDC0E042745E881003010C2 /* PSkTouchMoveCanvasView.swift in Sources */,
				EB8EE7882733F6E50021549B /* PSkCustomPhoto.swift in Sources */,
				041901AE272C0B02001DC3B9 /* AppDelegate.swift in Sources */,
				EB8B38B6272C0EE50001C20B /* PSMainVC.swift in Sources */,
				EB8EE77F2733AF3C0021549B /* PSkPhotoSlideSavePopupView.swift in Sources */,
				EB94530D27326EFE0000F01A /* PSkPhotoSlideView.swift in Sources */,
				041901B0272C0B02001DC3B9 /* SceneDelegate.swift in Sources */,
				EB6DA2AE273CB32400D121B2 /* PSkProfileFrameToolView.swift in Sources */,
				EB8EE7E1273510500021549B /* DeepLabV3.mlmodel in Sources */,
				EB8EE7DB2735100B0021549B /* CGImage+RawBytes.swift in Sources */,
				EB8EE7DC2735100B0021549B /* MLMultiArray+Image.swift in Sources */,
				EB6DA2B0273CB33000D121B2 /* PSkProfileBgToolView.swift in Sources */,
				EB8EE7D22735100B0021549B /* UIImage+Extensions.swift in Sources */,
				EB9453142732932A0000F01A /* PSkSlideSaveView.swift in Sources */,
				EB6DA2B2273CB34F00D121B2 /* PSkProfilePhotoToolView.swift in Sources */,
				EB8EE7CF2735100B0021549B /* Math.swift in Sources */,
			);
			runOnlyForDeploymentPostprocessing = 0;
		};
/* End PBXSourcesBuildPhase section */

/* Begin PBXVariantGroup section */
		041901B3272C0B02001DC3B9 /* Main.storyboard */ = {
			isa = PBXVariantGroup;
			children = (
				041901B4272C0B02001DC3B9 /* Base */,
			);
			name = Main.storyboard;
			sourceTree = "<group>";
		};
		041901B8272C0B03001DC3B9 /* LaunchScreen.storyboard */ = {
			isa = PBXVariantGroup;
			children = (
				041901B9272C0B03001DC3B9 /* Base */,
			);
			name = LaunchScreen.storyboard;
			sourceTree = "<group>";
		};
/* End PBXVariantGroup section */

/* Begin XCBuildConfiguration section */
		041901D2272C0B03001DC3B9 /* Debug */ = {
			isa = XCBuildConfiguration;
			buildSettings = {
				ALWAYS_SEARCH_USER_PATHS = NO;
				CLANG_ANALYZER_NONNULL = YES;
				CLANG_ANALYZER_NUMBER_OBJECT_CONVERSION = YES_AGGRESSIVE;
				CLANG_CXX_LANGUAGE_STANDARD = "gnu++14";
				CLANG_CXX_LIBRARY = "libc++";
				CLANG_ENABLE_MODULES = YES;
				CLANG_ENABLE_OBJC_ARC = YES;
				CLANG_ENABLE_OBJC_WEAK = YES;
				CLANG_WARN_BLOCK_CAPTURE_AUTORELEASING = YES;
				CLANG_WARN_BOOL_CONVERSION = YES;
				CLANG_WARN_COMMA = YES;
				CLANG_WARN_CONSTANT_CONVERSION = YES;
				CLANG_WARN_DEPRECATED_OBJC_IMPLEMENTATIONS = YES;
				CLANG_WARN_DIRECT_OBJC_ISA_USAGE = YES_ERROR;
				CLANG_WARN_DOCUMENTATION_COMMENTS = YES;
				CLANG_WARN_EMPTY_BODY = YES;
				CLANG_WARN_ENUM_CONVERSION = YES;
				CLANG_WARN_INFINITE_RECURSION = YES;
				CLANG_WARN_INT_CONVERSION = YES;
				CLANG_WARN_NON_LITERAL_NULL_CONVERSION = YES;
				CLANG_WARN_OBJC_IMPLICIT_RETAIN_SELF = YES;
				CLANG_WARN_OBJC_LITERAL_CONVERSION = YES;
				CLANG_WARN_OBJC_ROOT_CLASS = YES_ERROR;
				CLANG_WARN_QUOTED_INCLUDE_IN_FRAMEWORK_HEADER = YES;
				CLANG_WARN_RANGE_LOOP_ANALYSIS = YES;
				CLANG_WARN_STRICT_PROTOTYPES = YES;
				CLANG_WARN_SUSPICIOUS_MOVE = YES;
				CLANG_WARN_UNGUARDED_AVAILABILITY = YES_AGGRESSIVE;
				CLANG_WARN_UNREACHABLE_CODE = YES;
				CLANG_WARN__DUPLICATE_METHOD_MATCH = YES;
				COPY_PHASE_STRIP = NO;
				DEBUG_INFORMATION_FORMAT = dwarf;
				ENABLE_STRICT_OBJC_MSGSEND = YES;
				ENABLE_TESTABILITY = YES;
				GCC_C_LANGUAGE_STANDARD = gnu11;
				GCC_DYNAMIC_NO_PIC = NO;
				GCC_NO_COMMON_BLOCKS = YES;
				GCC_OPTIMIZATION_LEVEL = 0;
				GCC_PREPROCESSOR_DEFINITIONS = (
					"DEBUG=1",
					"$(inherited)",
				);
				GCC_WARN_64_TO_32_BIT_CONVERSION = YES;
				GCC_WARN_ABOUT_RETURN_TYPE = YES_ERROR;
				GCC_WARN_UNDECLARED_SELECTOR = YES;
				GCC_WARN_UNINITIALIZED_AUTOS = YES_AGGRESSIVE;
				GCC_WARN_UNUSED_FUNCTION = YES;
				GCC_WARN_UNUSED_VARIABLE = YES;
				IPHONEOS_DEPLOYMENT_TARGET = 13.0;
				MTL_ENABLE_DEBUG_INFO = INCLUDE_SOURCE;
				MTL_FAST_MATH = YES;
				ONLY_ACTIVE_ARCH = YES;
				SDKROOT = iphoneos;
				SWIFT_ACTIVE_COMPILATION_CONDITIONS = DEBUG;
				SWIFT_OPTIMIZATION_LEVEL = "-Onone";
			};
			name = Debug;
		};
		041901D3272C0B03001DC3B9 /* Release */ = {
			isa = XCBuildConfiguration;
			buildSettings = {
				ALWAYS_SEARCH_USER_PATHS = NO;
				CLANG_ANALYZER_NONNULL = YES;
				CLANG_ANALYZER_NUMBER_OBJECT_CONVERSION = YES_AGGRESSIVE;
				CLANG_CXX_LANGUAGE_STANDARD = "gnu++14";
				CLANG_CXX_LIBRARY = "libc++";
				CLANG_ENABLE_MODULES = YES;
				CLANG_ENABLE_OBJC_ARC = YES;
				CLANG_ENABLE_OBJC_WEAK = YES;
				CLANG_WARN_BLOCK_CAPTURE_AUTORELEASING = YES;
				CLANG_WARN_BOOL_CONVERSION = YES;
				CLANG_WARN_COMMA = YES;
				CLANG_WARN_CONSTANT_CONVERSION = YES;
				CLANG_WARN_DEPRECATED_OBJC_IMPLEMENTATIONS = YES;
				CLANG_WARN_DIRECT_OBJC_ISA_USAGE = YES_ERROR;
				CLANG_WARN_DOCUMENTATION_COMMENTS = YES;
				CLANG_WARN_EMPTY_BODY = YES;
				CLANG_WARN_ENUM_CONVERSION = YES;
				CLANG_WARN_INFINITE_RECURSION = YES;
				CLANG_WARN_INT_CONVERSION = YES;
				CLANG_WARN_NON_LITERAL_NULL_CONVERSION = YES;
				CLANG_WARN_OBJC_IMPLICIT_RETAIN_SELF = YES;
				CLANG_WARN_OBJC_LITERAL_CONVERSION = YES;
				CLANG_WARN_OBJC_ROOT_CLASS = YES_ERROR;
				CLANG_WARN_QUOTED_INCLUDE_IN_FRAMEWORK_HEADER = YES;
				CLANG_WARN_RANGE_LOOP_ANALYSIS = YES;
				CLANG_WARN_STRICT_PROTOTYPES = YES;
				CLANG_WARN_SUSPICIOUS_MOVE = YES;
				CLANG_WARN_UNGUARDED_AVAILABILITY = YES_AGGRESSIVE;
				CLANG_WARN_UNREACHABLE_CODE = YES;
				CLANG_WARN__DUPLICATE_METHOD_MATCH = YES;
				COPY_PHASE_STRIP = NO;
				DEBUG_INFORMATION_FORMAT = "dwarf-with-dsym";
				ENABLE_NS_ASSERTIONS = NO;
				ENABLE_STRICT_OBJC_MSGSEND = YES;
				GCC_C_LANGUAGE_STANDARD = gnu11;
				GCC_NO_COMMON_BLOCKS = YES;
				GCC_WARN_64_TO_32_BIT_CONVERSION = YES;
				GCC_WARN_ABOUT_RETURN_TYPE = YES_ERROR;
				GCC_WARN_UNDECLARED_SELECTOR = YES;
				GCC_WARN_UNINITIALIZED_AUTOS = YES_AGGRESSIVE;
				GCC_WARN_UNUSED_FUNCTION = YES;
				GCC_WARN_UNUSED_VARIABLE = YES;
				IPHONEOS_DEPLOYMENT_TARGET = 13.0;
				MTL_ENABLE_DEBUG_INFO = NO;
				MTL_FAST_MATH = YES;
				SDKROOT = iphoneos;
				SWIFT_COMPILATION_MODE = wholemodule;
				SWIFT_OPTIMIZATION_LEVEL = "-O";
				VALIDATE_PRODUCT = YES;
			};
			name = Release;
		};
		041901D5272C0B03001DC3B9 /* Debug */ = {
			isa = XCBuildConfiguration;
			baseConfigurationReference = 1A0BA9E30F5CEDCF1B74EB53 /* Pods-PSkbsPicSpace.debug.xcconfig */;
			buildSettings = {
				ASSETCATALOG_COMPILER_APPICON_NAME = AppIcon;
				ASSETCATALOG_COMPILER_GLOBAL_ACCENT_COLOR_NAME = AccentColor;
				CODE_SIGN_STYLE = Automatic;
				CURRENT_PROJECT_VERSION = 1.0.0;
				DEVELOPMENT_TEAM = 53ADUL6525;
				ENABLE_BITCODE = NO;
				INFOPLIST_FILE = PSkbsPicSpace/Info.plist;
				IPHONEOS_DEPLOYMENT_TARGET = 13.0;
				LD_RUNPATH_SEARCH_PATHS = (
					"$(inherited)",
					"@executable_path/Frameworks",
				);
				MARKETING_VERSION = 1.0.0;
				PRODUCT_BUNDLE_IDENTIFIER = com.superegg.okeydokey;
				PRODUCT_NAME = "$(TARGET_NAME)";
				SWIFT_VERSION = 5.0;
				TARGETED_DEVICE_FAMILY = 1;
			};
			name = Debug;
		};
		041901D6272C0B03001DC3B9 /* Release */ = {
			isa = XCBuildConfiguration;
			baseConfigurationReference = F77BB9F8ECC3CDCF84595DB1 /* Pods-PSkbsPicSpace.release.xcconfig */;
			buildSettings = {
				ASSETCATALOG_COMPILER_APPICON_NAME = AppIcon;
				ASSETCATALOG_COMPILER_GLOBAL_ACCENT_COLOR_NAME = AccentColor;
				CODE_SIGN_STYLE = Automatic;
				CURRENT_PROJECT_VERSION = 1.0.0;
				DEVELOPMENT_TEAM = 53ADUL6525;
				ENABLE_BITCODE = NO;
				INFOPLIST_FILE = PSkbsPicSpace/Info.plist;
				IPHONEOS_DEPLOYMENT_TARGET = 13.0;
				LD_RUNPATH_SEARCH_PATHS = (
					"$(inherited)",
					"@executable_path/Frameworks",
				);
				MARKETING_VERSION = 1.0.0;
				PRODUCT_BUNDLE_IDENTIFIER = com.superegg.okeydokey;
				PRODUCT_NAME = "$(TARGET_NAME)";
				SWIFT_VERSION = 5.0;
				TARGETED_DEVICE_FAMILY = 1;
			};
			name = Release;
		};
/* End XCBuildConfiguration section */

/* Begin XCConfigurationList section */
		041901A5272C0B02001DC3B9 /* Build configuration list for PBXProject "PSkbsPicSpace" */ = {
			isa = XCConfigurationList;
			buildConfigurations = (
				041901D2272C0B03001DC3B9 /* Debug */,
				041901D3272C0B03001DC3B9 /* Release */,
			);
			defaultConfigurationIsVisible = 0;
			defaultConfigurationName = Release;
		};
		041901D4272C0B03001DC3B9 /* Build configuration list for PBXNativeTarget "PSkbsPicSpace" */ = {
			isa = XCConfigurationList;
			buildConfigurations = (
				041901D5272C0B03001DC3B9 /* Debug */,
				041901D6272C0B03001DC3B9 /* Release */,
			);
			defaultConfigurationIsVisible = 0;
			defaultConfigurationName = Release;
		};
/* End XCConfigurationList section */
	};
	rootObject = 041901A2272C0B02001DC3B9 /* Project object */;
}
